
Microsoft Visual Studio Solution File, Format Version 12.00
# Visual Studio Version 16
VisualStudioVersion = 16.0.29806.167
MinimumVisualStudioVersion = 10.0.40219.1
Project("{2150E333-8FDC-42A3-9474-1A3956D46DE8}") = "Core", "Core", "{0ACDD286-33D8-4232-894D-C2D2649F1476}"
EndProject
Project("{2150E333-8FDC-42A3-9474-1A3956D46DE8}") = "Infrastructure", "Infrastructure", "{CCC4E29A-B039-4D29-9CA8-8BCD1F17B57B}"
EndProject
Project("{2150E333-8FDC-42A3-9474-1A3956D46DE8}") = "Presentation", "Presentation", "{5287BE8C-D8D2-4D97-8275-00E5CBE89C74}"
EndProject
Project("{2150E333-8FDC-42A3-9474-1A3956D46DE8}") = "Tests", "Tests", "{78D4E1D4-864E-4CA6-B081-927773CF04E5}"
EndProject
Project("{9A19103F-16F7-4668-BE54-9A1E7A4F7556}") = "ChannelEngineHolder.Domain", "ChannelEngineHolder.Domain\ChannelEngineHolder.Domain.csproj", "{E343EB28-FCDE-42AB-A588-BA75BB0A39D6}"
EndProject
Project("{9A19103F-16F7-4668-BE54-9A1E7A4F7556}") = "ChannelEngineHolder.Application", "ChannelEngineHolder.Application\ChannelEngineHolder.Application.csproj", "{94E3F937-0AB4-4BEB-BE11-11F346443D22}"
EndProject
Project("{9A19103F-16F7-4668-BE54-9A1E7A4F7556}") = "ChannelEngineHolder.ConsoleApp", "ChannelEngineHolder.ConsoleApp\ChannelEngineHolder.ConsoleApp.csproj", "{B08D5DC1-5B1B-45DE-A5C2-D62CB357AC01}"
EndProject
Project("{9A19103F-16F7-4668-BE54-9A1E7A4F7556}") = "ChannelEngineHolder.Tests", "ChannelEngineHolder.Application.Tests\ChannelEngineHolder.Tests.csproj", "{F75619C4-AED7-46BE-89CB-53F5417A16AC}"
EndProject
Project("{9A19103F-16F7-4668-BE54-9A1E7A4F7556}") = "ChannelEngineHolder.RestApiClient", "ChannelEngineHolder.RestApiClient\ChannelEngineHolder.RestApiClient.csproj", "{FB0E44B1-3324-4CCD-8868-12C94C48061A}"
EndProject
Global
	GlobalSection(SolutionConfigurationPlatforms) = preSolution
		Debug|Any CPU = Debug|Any CPU
		Release|Any CPU = Release|Any CPU
	EndGlobalSection
	GlobalSection(ProjectConfigurationPlatforms) = postSolution
		{E343EB28-FCDE-42AB-A588-BA75BB0A39D6}.Debug|Any CPU.ActiveCfg = Debug|Any CPU
		{E343EB28-FCDE-42AB-A588-BA75BB0A39D6}.Debug|Any CPU.Build.0 = Debug|Any CPU
		{E343EB28-FCDE-42AB-A588-BA75BB0A39D6}.Release|Any CPU.ActiveCfg = Release|Any CPU
		{E343EB28-FCDE-42AB-A588-BA75BB0A39D6}.Release|Any CPU.Build.0 = Release|Any CPU
		{94E3F937-0AB4-4BEB-BE11-11F346443D22}.Debug|Any CPU.ActiveCfg = Debug|Any CPU
		{94E3F937-0AB4-4BEB-BE11-11F346443D22}.Debug|Any CPU.Build.0 = Debug|Any CPU
		{94E3F937-0AB4-4BEB-BE11-11F346443D22}.Release|Any CPU.ActiveCfg = Release|Any CPU
		{94E3F937-0AB4-4BEB-BE11-11F346443D22}.Release|Any CPU.Build.0 = Release|Any CPU
		{B08D5DC1-5B1B-45DE-A5C2-D62CB357AC01}.Debug|Any CPU.ActiveCfg = Debug|Any CPU
		{B08D5DC1-5B1B-45DE-A5C2-D62CB357AC01}.Debug|Any CPU.Build.0 = Debug|Any CPU
		{B08D5DC1-5B1B-45DE-A5C2-D62CB357AC01}.Release|Any CPU.ActiveCfg = Release|Any CPU
		{B08D5DC1-5B1B-45DE-A5C2-D62CB357AC01}.Release|Any CPU.Build.0 = Release|Any CPU
		{F75619C4-AED7-46BE-89CB-53F5417A16AC}.Debug|Any CPU.ActiveCfg = Debug|Any CPU
		{F75619C4-AED7-46BE-89CB-53F5417A16AC}.Debug|Any CPU.Build.0 = Debug|Any CPU
		{F75619C4-AED7-46BE-89CB-53F5417A16AC}.Release|Any CPU.ActiveCfg = Release|Any CPU
		{F75619C4-AED7-46BE-89CB-53F5417A16AC}.Release|Any CPU.Build.0 = Release|Any CPU
		{FB0E44B1-3324-4CCD-8868-12C94C48061A}.Debug|Any CPU.ActiveCfg = Debug|Any CPU
		{FB0E44B1-3324-4CCD-8868-12C94C48061A}.Debug|Any CPU.Build.0 = Debug|Any CPU
		{FB0E44B1-3324-4CCD-8868-12C94C48061A}.Release|Any CPU.ActiveCfg = Release|Any CPU
		{FB0E44B1-3324-4CCD-8868-12C94C48061A}.Release|Any CPU.Build.0 = Release|Any CPU
	EndGlobalSection
	GlobalSection(SolutionProperties) = preSolution
		HideSolutionNode = FALSE
	EndGlobalSection
	GlobalSection(NestedProjects) = preSolution
		{E343EB28-FCDE-42AB-A588-BA75BB0A39D6} = {0ACDD286-33D8-4232-894D-C2D2649F1476}
		{94E3F937-0AB4-4BEB-BE11-11F346443D22} = {0ACDD286-33D8-4232-894D-C2D2649F1476}
		{B08D5DC1-5B1B-45DE-A5C2-D62CB357AC01} = {5287BE8C-D8D2-4D97-8275-00E5CBE89C74}
		{F75619C4-AED7-46BE-89CB-53F5417A16AC} = {78D4E1D4-864E-4CA6-B081-927773CF04E5}
		{FB0E44B1-3324-4CCD-8868-12C94C48061A} = {CCC4E29A-B039-4D29-9CA8-8BCD1F17B57B}
	EndGlobalSection
	GlobalSection(ExtensibilityGlobals) = postSolution
		SolutionGuid = {4B379779-36CB-4E19-8AF0-85D2052C4D8E}
	EndGlobalSection
EndGlobal
